
Microsoft Visual Studio Solution File, Format Version 12.00
Project("{FAE04EC0-301F-11D3-BF4B-00C04F79EFBC}") = "WebApp", "WebApp\WebApp.csproj", "{1145B433-0218-4711-80D1-B47DEF5090C4}"
EndProject
Project("{FAE04EC0-301F-11D3-BF4B-00C04F79EFBC}") = "Domain.App", "Domain.App\Domain.App.csproj", "{76DCAC5C-C146-4672-B4FE-15B3A9AEE030}"
EndProject
Project("{FAE04EC0-301F-11D3-BF4B-00C04F79EFBC}") = "DAL.App.EF", "DAL.App.EF\DAL.App.EF.csproj", "{488BDA94-45FA-43E5-B004-D11D995BF16F}"
EndProject
Project("{2150E333-8FDC-42A3-9474-1A3956D46DE8}") = "_Solution Items", "_Solution Items", "{E3681FF7-6C3D-4347-911A-32C817558E6D}"
ProjectSection(SolutionItems) = preProject
	Directory.Build.props = Directory.Build.props
	NewFile1.txt = NewFile1.txt
	.idea\.gitignore = .idea\.gitignore
	.dockerignore = .dockerignore
	Dockerfile = Dockerfile
EndProjectSection
EndProject
Project("{FAE04EC0-301F-11D3-BF4B-00C04F79EFBC}") = "Contracts.DAL.App", "Contracts.DAL.App\Contracts.DAL.App.csproj", "{5C5C575C-816F-426B-AB1D-E34FD5B3A812}"
EndProject
Project("{FAE04EC0-301F-11D3-BF4B-00C04F79EFBC}") = "Extensions", "Extensions\Extensions.csproj", "{B7322963-D781-4D6D-8039-5117EBBABAE4}"
EndProject
Project("{FAE04EC0-301F-11D3-BF4B-00C04F79EFBC}") = "PublicApi.DTO.v1", "PublicApi.DTO.v1\PublicApi.DTO.v1.csproj", "{781267B2-8005-4AFE-A3BC-BED438A2A1BB}"
EndProject
Project("{2150E333-8FDC-42A3-9474-1A3956D46DE8}") = "BLL", "BLL", "{F0FB1B61-10EE-4611-AEED-9A91376582B5}"
EndProject
Project("{2150E333-8FDC-42A3-9474-1A3956D46DE8}") = "DAL", "DAL", "{D31CA46F-09A9-49B9-9349-8B6C3D543CF2}"
EndProject
Project("{FAE04EC0-301F-11D3-BF4B-00C04F79EFBC}") = "BLL.App", "BLL.App\BLL.App.csproj", "{E00A4D91-4157-4933-9FE7-64B2B928F6C2}"
EndProject
Project("{FAE04EC0-301F-11D3-BF4B-00C04F79EFBC}") = "Contracts.BLL.App", "Contracts.BLL.App\Contracts.BLL.App.csproj", "{ABB8E67F-45E0-4873-9EF0-7E20B9C3B3E1}"
EndProject
Project("{FAE04EC0-301F-11D3-BF4B-00C04F79EFBC}") = "DAL.App.DTO", "DAL.App.DTO\DAL.App.DTO.csproj", "{163E67BE-3CF3-47CF-AAAB-3FE1785FBCFA}"
EndProject
Project("{FAE04EC0-301F-11D3-BF4B-00C04F79EFBC}") = "BLL.App.DTO", "BLL.App.DTO\BLL.App.DTO.csproj", "{67DBD79B-8806-4E47-B9D9-B2AAD1B22553}"
EndProject
Project("{2150E333-8FDC-42A3-9474-1A3956D46DE8}") = "DTO", "DTO", "{A5846DE1-B3AA-48A9-B469-800D46F3DB2C}"
EndProject
Project("{2150E333-8FDC-42A3-9474-1A3956D46DE8}") = "DOMAIN", "DOMAIN", "{EF1DDEBF-65AB-4126-96FB-C5DE8D360B52}"
EndProject
Global
	GlobalSection(SolutionConfigurationPlatforms) = preSolution
		Debug|Any CPU = Debug|Any CPU
		Release|Any CPU = Release|Any CPU
	EndGlobalSection
	GlobalSection(ProjectConfigurationPlatforms) = postSolution
		{1145B433-0218-4711-80D1-B47DEF5090C4}.Debug|Any CPU.ActiveCfg = Debug|Any CPU
		{1145B433-0218-4711-80D1-B47DEF5090C4}.Debug|Any CPU.Build.0 = Debug|Any CPU
		{1145B433-0218-4711-80D1-B47DEF5090C4}.Release|Any CPU.ActiveCfg = Release|Any CPU
		{1145B433-0218-4711-80D1-B47DEF5090C4}.Release|Any CPU.Build.0 = Release|Any CPU
		{76DCAC5C-C146-4672-B4FE-15B3A9AEE030}.Debug|Any CPU.ActiveCfg = Debug|Any CPU
		{76DCAC5C-C146-4672-B4FE-15B3A9AEE030}.Debug|Any CPU.Build.0 = Debug|Any CPU
		{76DCAC5C-C146-4672-B4FE-15B3A9AEE030}.Release|Any CPU.ActiveCfg = Release|Any CPU
		{76DCAC5C-C146-4672-B4FE-15B3A9AEE030}.Release|Any CPU.Build.0 = Release|Any CPU
		{488BDA94-45FA-43E5-B004-D11D995BF16F}.Debug|Any CPU.ActiveCfg = Debug|Any CPU
		{488BDA94-45FA-43E5-B004-D11D995BF16F}.Debug|Any CPU.Build.0 = Debug|Any CPU
		{488BDA94-45FA-43E5-B004-D11D995BF16F}.Release|Any CPU.ActiveCfg = Release|Any CPU
		{488BDA94-45FA-43E5-B004-D11D995BF16F}.Release|Any CPU.Build.0 = Release|Any CPU
		{5C5C575C-816F-426B-AB1D-E34FD5B3A812}.Debug|Any CPU.ActiveCfg = Debug|Any CPU
		{5C5C575C-816F-426B-AB1D-E34FD5B3A812}.Debug|Any CPU.Build.0 = Debug|Any CPU
		{5C5C575C-816F-426B-AB1D-E34FD5B3A812}.Release|Any CPU.ActiveCfg = Release|Any CPU
		{5C5C575C-816F-426B-AB1D-E34FD5B3A812}.Release|Any CPU.Build.0 = Release|Any CPU
		{B7322963-D781-4D6D-8039-5117EBBABAE4}.Debug|Any CPU.ActiveCfg = Debug|Any CPU
		{B7322963-D781-4D6D-8039-5117EBBABAE4}.Debug|Any CPU.Build.0 = Debug|Any CPU
		{B7322963-D781-4D6D-8039-5117EBBABAE4}.Release|Any CPU.ActiveCfg = Release|Any CPU
		{B7322963-D781-4D6D-8039-5117EBBABAE4}.Release|Any CPU.Build.0 = Release|Any CPU
		{781267B2-8005-4AFE-A3BC-BED438A2A1BB}.Debug|Any CPU.ActiveCfg = Debug|Any CPU
		{781267B2-8005-4AFE-A3BC-BED438A2A1BB}.Debug|Any CPU.Build.0 = Debug|Any CPU
		{781267B2-8005-4AFE-A3BC-BED438A2A1BB}.Release|Any CPU.ActiveCfg = Release|Any CPU
		{781267B2-8005-4AFE-A3BC-BED438A2A1BB}.Release|Any CPU.Build.0 = Release|Any CPU
		{E00A4D91-4157-4933-9FE7-64B2B928F6C2}.Debug|Any CPU.ActiveCfg = Debug|Any CPU
		{E00A4D91-4157-4933-9FE7-64B2B928F6C2}.Debug|Any CPU.Build.0 = Debug|Any CPU
		{E00A4D91-4157-4933-9FE7-64B2B928F6C2}.Release|Any CPU.ActiveCfg = Release|Any CPU
		{E00A4D91-4157-4933-9FE7-64B2B928F6C2}.Release|Any CPU.Build.0 = Release|Any CPU
		{ABB8E67F-45E0-4873-9EF0-7E20B9C3B3E1}.Debug|Any CPU.ActiveCfg = Debug|Any CPU
		{ABB8E67F-45E0-4873-9EF0-7E20B9C3B3E1}.Debug|Any CPU.Build.0 = Debug|Any CPU
		{ABB8E67F-45E0-4873-9EF0-7E20B9C3B3E1}.Release|Any CPU.ActiveCfg = Release|Any CPU
		{ABB8E67F-45E0-4873-9EF0-7E20B9C3B3E1}.Release|Any CPU.Build.0 = Release|Any CPU
		{163E67BE-3CF3-47CF-AAAB-3FE1785FBCFA}.Debug|Any CPU.ActiveCfg = Debug|Any CPU
		{163E67BE-3CF3-47CF-AAAB-3FE1785FBCFA}.Debug|Any CPU.Build.0 = Debug|Any CPU
		{163E67BE-3CF3-47CF-AAAB-3FE1785FBCFA}.Release|Any CPU.ActiveCfg = Release|Any CPU
		{163E67BE-3CF3-47CF-AAAB-3FE1785FBCFA}.Release|Any CPU.Build.0 = Release|Any CPU
		{67DBD79B-8806-4E47-B9D9-B2AAD1B22553}.Debug|Any CPU.ActiveCfg = Debug|Any CPU
		{67DBD79B-8806-4E47-B9D9-B2AAD1B22553}.Debug|Any CPU.Build.0 = Debug|Any CPU
		{67DBD79B-8806-4E47-B9D9-B2AAD1B22553}.Release|Any CPU.ActiveCfg = Release|Any CPU
		{67DBD79B-8806-4E47-B9D9-B2AAD1B22553}.Release|Any CPU.Build.0 = Release|Any CPU
	EndGlobalSection
	GlobalSection(NestedProjects) = preSolution
		{5C5C575C-816F-426B-AB1D-E34FD5B3A812} = {D31CA46F-09A9-49B9-9349-8B6C3D543CF2}
		{488BDA94-45FA-43E5-B004-D11D995BF16F} = {D31CA46F-09A9-49B9-9349-8B6C3D543CF2}
		{E00A4D91-4157-4933-9FE7-64B2B928F6C2} = {F0FB1B61-10EE-4611-AEED-9A91376582B5}
		{ABB8E67F-45E0-4873-9EF0-7E20B9C3B3E1} = {F0FB1B61-10EE-4611-AEED-9A91376582B5}
		{163E67BE-3CF3-47CF-AAAB-3FE1785FBCFA} = {D31CA46F-09A9-49B9-9349-8B6C3D543CF2}
		{67DBD79B-8806-4E47-B9D9-B2AAD1B22553} = {F0FB1B61-10EE-4611-AEED-9A91376582B5}
		{781267B2-8005-4AFE-A3BC-BED438A2A1BB} = {A5846DE1-B3AA-48A9-B469-800D46F3DB2C}
		{76DCAC5C-C146-4672-B4FE-15B3A9AEE030} = {EF1DDEBF-65AB-4126-96FB-C5DE8D360B52}
	EndGlobalSection
EndGlobal
